
Microsoft Visual Studio Solution File, Format Version 12.00
# Visual Studio Version 17
VisualStudioVersion = 17.6.33801.468
MinimumVisualStudioVersion = 10.0.40219.1
Project("{FAE04EC0-301F-11D3-BF4B-00C04F79EFBC}") = "BusinessClockApi", "BusinessClockApi\BusinessClockApi.csproj", "{9D269A33-7D01-44EA-92E6-774C751A4E40}"
EndProject
Global
	GlobalSection(SolutionConfigurationPlatforms) = preSolution
		Debug|Any CPU = Debug|Any CPU
		Release|Any CPU = Release|Any CPU
	EndGlobalSection
	GlobalSection(ProjectConfigurationPlatforms) = postSolution
		{9D269A33-7D01-44EA-92E6-774C751A4E40}.Debug|Any CPU.ActiveCfg = Debug|Any CPU
		{9D269A33-7D01-44EA-92E6-774C751A4E40}.Debug|Any CPU.Build.0 = Debug|Any CPU
		{9D269A33-7D01-44EA-92E6-774C751A4E40}.Release|Any CPU.ActiveCfg = Release|Any CPU
		{9D269A33-7D01-44EA-92E6-774C751A4E40}.Release|Any CPU.Build.0 = Release|Any CPU
	EndGlobalSection
	GlobalSection(SolutionProperties) = preSolution
		HideSolutionNode = FALSE
	EndGlobalSection
	GlobalSection(ExtensibilityGlobals) = postSolution
		SolutionGuid = {DA46AFB4-9F33-4B91-9AA5-EB5A9FAD9A85}
	EndGlobalSection
EndGlobal
